// !$*UTF8*$!
{
	archiveVersion = 1;
	classes = {
	};
	objectVersion = 50;
	objects = {

/* Begin PBXBuildFile section */
		541002E122C1FE6D00D42247 /* LanguageModel.swift in Sources */ = {isa = PBXBuildFile; fileRef = 541002E022C1FE6D00D42247 /* LanguageModel.swift */; };
		541002E522C2A8FC00D42247 /* UserDefaults.swift in Sources */ = {isa = PBXBuildFile; fileRef = 541002E422C2A8FC00D42247 /* UserDefaults.swift */; };
		5423494F22C4884600023245 /* CharacterFrequencyView.swift in Sources */ = {isa = PBXBuildFile; fileRef = 5423494E22C4884600023245 /* CharacterFrequencyView.swift */; };
		54617F1222C17521002A6499 /* SettingsController.swift in Sources */ = {isa = PBXBuildFile; fileRef = 54617F1122C17521002A6499 /* SettingsController.swift */; };
		54617F1422C1776E002A6499 /* SettingsView.swift in Sources */ = {isa = PBXBuildFile; fileRef = 54617F1322C1776E002A6499 /* SettingsView.swift */; };
		54617F1922C1DDAD002A6499 /* LanguageView.swift in Sources */ = {isa = PBXBuildFile; fileRef = 54617F1822C1DDAD002A6499 /* LanguageView.swift */; };
		547BDBF12312317F0099D9E6 /* MainStore.swift in Sources */ = {isa = PBXBuildFile; fileRef = 547BDBF02312317F0099D9E6 /* MainStore.swift */; };
		5483718F22C01812004B1000 /* KanjiViewSA.swift in Sources */ = {isa = PBXBuildFile; fileRef = 5483718E22C01812004B1000 /* KanjiViewSA.swift */; };
		5483719222C01853004B1000 /* KanjiModel.swift in Sources */ = {isa = PBXBuildFile; fileRef = 5483719122C01853004B1000 /* KanjiModel.swift */; };
		5483719422C01898004B1000 /* KanjiCharacterSA.swift in Sources */ = {isa = PBXBuildFile; fileRef = 5483719322C01898004B1000 /* KanjiCharacterSA.swift */; };
		5483719622C018EA004B1000 /* KanjiDescriptionSA.swift in Sources */ = {isa = PBXBuildFile; fileRef = 5483719522C018EA004B1000 /* KanjiDescriptionSA.swift */; };
		5483719922C01A70004B1000 /* HirakanaView.swift in Sources */ = {isa = PBXBuildFile; fileRef = 5483719822C01A70004B1000 /* HirakanaView.swift */; };
		5483719B22C025FF004B1000 /* KanjiViewSB.swift in Sources */ = {isa = PBXBuildFile; fileRef = 5483719A22C025FF004B1000 /* KanjiViewSB.swift */; };
		5483719D22C02668004B1000 /* KanjiCharacterSB.swift in Sources */ = {isa = PBXBuildFile; fileRef = 5483719C22C02668004B1000 /* KanjiCharacterSB.swift */; };
		5483719F22C02676004B1000 /* KanjiDescriptionSB.swift in Sources */ = {isa = PBXBuildFile; fileRef = 5483719E22C02676004B1000 /* KanjiDescriptionSB.swift */; };
		548371A422C04798004B1000 /* HKText.swift in Sources */ = {isa = PBXBuildFile; fileRef = 548371A322C04798004B1000 /* HKText.swift */; };
		549C42EA22CC2F3B00131E1D /* SettingsStoreActions.swift in Sources */ = {isa = PBXBuildFile; fileRef = 549C42E922CC2F3B00131E1D /* SettingsStoreActions.swift */; };
		549C42ED22CC32F100131E1D /* CharFrequencyModel.swift in Sources */ = {isa = PBXBuildFile; fileRef = 549C42EC22CC32F100131E1D /* CharFrequencyModel.swift */; };
		54AD92B822BF1F1600045B93 /* Hirakana WatchKit App.app in Embed Watch Content */ = {isa = PBXBuildFile; fileRef = 54AD92B722BF1F1600045B93 /* Hirakana WatchKit App.app */; settings = {ATTRIBUTES = (RemoveHeadersOnCopy, ); }; };
		54AD92BE22BF1F1600045B93 /* Interface.storyboard in Resources */ = {isa = PBXBuildFile; fileRef = 54AD92BC22BF1F1600045B93 /* Interface.storyboard */; };
		54AD92C022BF1F1700045B93 /* Assets.xcassets in Resources */ = {isa = PBXBuildFile; fileRef = 54AD92BF22BF1F1700045B93 /* Assets.xcassets */; };
		54AD92C722BF1F1700045B93 /* Hirakana WatchKit Extension.appex in Embed App Extensions */ = {isa = PBXBuildFile; fileRef = 54AD92C622BF1F1700045B93 /* Hirakana WatchKit Extension.appex */; settings = {ATTRIBUTES = (RemoveHeadersOnCopy, ); }; };
		54AD92CE22BF1F1700045B93 /* MainController.swift in Sources */ = {isa = PBXBuildFile; fileRef = 54AD92CD22BF1F1700045B93 /* MainController.swift */; };
		54AD92D022BF1F1700045B93 /* ExtensionDelegate.swift in Sources */ = {isa = PBXBuildFile; fileRef = 54AD92CF22BF1F1700045B93 /* ExtensionDelegate.swift */; };
		54AD92D622BF1F1700045B93 /* ComplicationController.swift in Sources */ = {isa = PBXBuildFile; fileRef = 54AD92D522BF1F1700045B93 /* ComplicationController.swift */; };
		54AD92D822BF1F1800045B93 /* Assets.xcassets in Resources */ = {isa = PBXBuildFile; fileRef = 54AD92D722BF1F1800045B93 /* Assets.xcassets */; };
		54AD92DB22BF1F1800045B93 /* Preview Assets.xcassets in Resources */ = {isa = PBXBuildFile; fileRef = 54AD92DA22BF1F1800045B93 /* Preview Assets.xcassets */; };
		54B168E622C3217C000FECBE /* SettingsStore.swift in Sources */ = {isa = PBXBuildFile; fileRef = 54B168E522C3217C000FECBE /* SettingsStore.swift */; };
		54C3919822DC4C1A007D6126 /* HTTP.swift in Sources */ = {isa = PBXBuildFile; fileRef = 54C3919722DC4C1A007D6126 /* HTTP.swift */; };
		54E598EB22E0350B00191EA9 /* CharacterRoute.swift in Sources */ = {isa = PBXBuildFile; fileRef = 54E598EA22E0350B00191EA9 /* CharacterRoute.swift */; };
		54E598ED22E0351F00191EA9 /* Route.swift in Sources */ = {isa = PBXBuildFile; fileRef = 54E598EC22E0351F00191EA9 /* Route.swift */; };
		54E598F222E15DE800191EA9 /* URLs.swift in Sources */ = {isa = PBXBuildFile; fileRef = 54E598F122E15DE800191EA9 /* URLs.swift */; };
		54E598F522E16CFC00191EA9 /* String+Extensions.swift in Sources */ = {isa = PBXBuildFile; fileRef = 54E598F422E16CFC00191EA9 /* String+Extensions.swift */; };
		54F9906A22E4E955006388B1 /* Keys.swift in Sources */ = {isa = PBXBuildFile; fileRef = 54F9906922E4E955006388B1 /* Keys.swift */; };
		8810E17022C32E6C00EA0DCB /* CharacterModel.swift in Sources */ = {isa = PBXBuildFile; fileRef = 8810E16F22C32E6C00EA0DCB /* CharacterModel.swift */; };
		8810E17422C3359C00EA0DCB /* CharacterViewSA.swift in Sources */ = {isa = PBXBuildFile; fileRef = 8810E17322C3359C00EA0DCB /* CharacterViewSA.swift */; };
		8810E17622C336B100EA0DCB /* CharacterSA.swift in Sources */ = {isa = PBXBuildFile; fileRef = 8810E17522C336B100EA0DCB /* CharacterSA.swift */; };
		8810E17822C33ECE00EA0DCB /* MeaningViewSA.swift in Sources */ = {isa = PBXBuildFile; fileRef = 8810E17722C33ECE00EA0DCB /* MeaningViewSA.swift */; };
		8810E17E22C3538200EA0DCB /* PhraseViewSA.swift in Sources */ = {isa = PBXBuildFile; fileRef = 8810E17D22C3538200EA0DCB /* PhraseViewSA.swift */; };
		8810E18022C47F9C00EA0DCB /* CharacterMeaningViewSA.swift in Sources */ = {isa = PBXBuildFile; fileRef = 8810E17F22C47F9C00EA0DCB /* CharacterMeaningViewSA.swift */; };
		8810E18422C5A56100EA0DCB /* PhraseCharacterViewSA.swift in Sources */ = {isa = PBXBuildFile; fileRef = 8810E18322C5A56100EA0DCB /* PhraseCharacterViewSA.swift */; };
		8810E18622C8335600EA0DCB /* PhraseViewSB.swift in Sources */ = {isa = PBXBuildFile; fileRef = 8810E18522C8335600EA0DCB /* PhraseViewSB.swift */; };
		8810E18822CB11BE00EA0DCB /* CharacterViewSB.swift in Sources */ = {isa = PBXBuildFile; fileRef = 8810E18722CB11BE00EA0DCB /* CharacterViewSB.swift */; };
		8810E18A22CB123F00EA0DCB /* CharacterSB.swift in Sources */ = {isa = PBXBuildFile; fileRef = 8810E18922CB123F00EA0DCB /* CharacterSB.swift */; };
/* End PBXBuildFile section */

/* Begin PBXContainerItemProxy section */
		54AD92B922BF1F1600045B93 /* PBXContainerItemProxy */ = {
			isa = PBXContainerItemProxy;
			containerPortal = 54AD92AD22BF1F1600045B93 /* Project object */;
			proxyType = 1;
			remoteGlobalIDString = 54AD92B622BF1F1600045B93;
			remoteInfo = "Hirakana WatchKit App";
		};
		54AD92C822BF1F1700045B93 /* PBXContainerItemProxy */ = {
			isa = PBXContainerItemProxy;
			containerPortal = 54AD92AD22BF1F1600045B93 /* Project object */;
			proxyType = 1;
			remoteGlobalIDString = 54AD92C522BF1F1700045B93;
			remoteInfo = "Hirakana WatchKit Extension";
		};
/* End PBXContainerItemProxy section */

/* Begin PBXCopyFilesBuildPhase section */
		54AD92E322BF1F1800045B93 /* Embed App Extensions */ = {
			isa = PBXCopyFilesBuildPhase;
			buildActionMask = 2147483647;
			dstPath = "";
			dstSubfolderSpec = 13;
			files = (
				54AD92C722BF1F1700045B93 /* Hirakana WatchKit Extension.appex in Embed App Extensions */,
			);
			name = "Embed App Extensions";
			runOnlyForDeploymentPostprocessing = 0;
		};
		54AD92E722BF1F1800045B93 /* Embed Watch Content */ = {
			isa = PBXCopyFilesBuildPhase;
			buildActionMask = 2147483647;
			dstPath = "$(CONTENTS_FOLDER_PATH)/Watch";
			dstSubfolderSpec = 16;
			files = (
				54AD92B822BF1F1600045B93 /* Hirakana WatchKit App.app in Embed Watch Content */,
			);
			name = "Embed Watch Content";
			runOnlyForDeploymentPostprocessing = 0;
		};
/* End PBXCopyFilesBuildPhase section */

/* Begin PBXFileReference section */
		541002E022C1FE6D00D42247 /* LanguageModel.swift */ = {isa = PBXFileReference; lastKnownFileType = sourcecode.swift; path = LanguageModel.swift; sourceTree = "<group>"; };
		541002E422C2A8FC00D42247 /* UserDefaults.swift */ = {isa = PBXFileReference; lastKnownFileType = sourcecode.swift; path = UserDefaults.swift; sourceTree = "<group>"; };
		5423494E22C4884600023245 /* CharacterFrequencyView.swift */ = {isa = PBXFileReference; lastKnownFileType = sourcecode.swift; path = CharacterFrequencyView.swift; sourceTree = "<group>"; };
		54617F1122C17521002A6499 /* SettingsController.swift */ = {isa = PBXFileReference; lastKnownFileType = sourcecode.swift; path = SettingsController.swift; sourceTree = "<group>"; };
		54617F1322C1776E002A6499 /* SettingsView.swift */ = {isa = PBXFileReference; lastKnownFileType = sourcecode.swift; path = SettingsView.swift; sourceTree = "<group>"; };
		54617F1822C1DDAD002A6499 /* LanguageView.swift */ = {isa = PBXFileReference; lastKnownFileType = sourcecode.swift; path = LanguageView.swift; sourceTree = "<group>"; };
		547BDBF02312317F0099D9E6 /* MainStore.swift */ = {isa = PBXFileReference; lastKnownFileType = sourcecode.swift; path = MainStore.swift; sourceTree = "<group>"; };
		5483718E22C01812004B1000 /* KanjiViewSA.swift */ = {isa = PBXFileReference; lastKnownFileType = sourcecode.swift; path = KanjiViewSA.swift; sourceTree = "<group>"; };
		5483719122C01853004B1000 /* KanjiModel.swift */ = {isa = PBXFileReference; lastKnownFileType = sourcecode.swift; path = KanjiModel.swift; sourceTree = "<group>"; };
		5483719322C01898004B1000 /* KanjiCharacterSA.swift */ = {isa = PBXFileReference; lastKnownFileType = sourcecode.swift; path = KanjiCharacterSA.swift; sourceTree = "<group>"; };
		5483719522C018EA004B1000 /* KanjiDescriptionSA.swift */ = {isa = PBXFileReference; lastKnownFileType = sourcecode.swift; path = KanjiDescriptionSA.swift; sourceTree = "<group>"; };
		5483719822C01A70004B1000 /* HirakanaView.swift */ = {isa = PBXFileReference; lastKnownFileType = sourcecode.swift; path = HirakanaView.swift; sourceTree = "<group>"; };
		5483719A22C025FF004B1000 /* KanjiViewSB.swift */ = {isa = PBXFileReference; lastKnownFileType = sourcecode.swift; path = KanjiViewSB.swift; sourceTree = "<group>"; };
		5483719C22C02668004B1000 /* KanjiCharacterSB.swift */ = {isa = PBXFileReference; lastKnownFileType = sourcecode.swift; path = KanjiCharacterSB.swift; sourceTree = "<group>"; };
		5483719E22C02676004B1000 /* KanjiDescriptionSB.swift */ = {isa = PBXFileReference; lastKnownFileType = sourcecode.swift; path = KanjiDescriptionSB.swift; sourceTree = "<group>"; };
		548371A322C04798004B1000 /* HKText.swift */ = {isa = PBXFileReference; lastKnownFileType = sourcecode.swift; path = HKText.swift; sourceTree = "<group>"; };
		549C42E922CC2F3B00131E1D /* SettingsStoreActions.swift */ = {isa = PBXFileReference; lastKnownFileType = sourcecode.swift; path = SettingsStoreActions.swift; sourceTree = "<group>"; };
		549C42EC22CC32F100131E1D /* CharFrequencyModel.swift */ = {isa = PBXFileReference; lastKnownFileType = sourcecode.swift; path = CharFrequencyModel.swift; sourceTree = "<group>"; };
		54AD92B322BF1F1600045B93 /* Hirakana.app */ = {isa = PBXFileReference; explicitFileType = wrapper.application; includeInIndex = 0; path = Hirakana.app; sourceTree = BUILT_PRODUCTS_DIR; };
		54AD92B722BF1F1600045B93 /* Hirakana WatchKit App.app */ = {isa = PBXFileReference; explicitFileType = wrapper.application; includeInIndex = 0; path = "Hirakana WatchKit App.app"; sourceTree = BUILT_PRODUCTS_DIR; };
		54AD92BD22BF1F1600045B93 /* Base */ = {isa = PBXFileReference; lastKnownFileType = file.storyboard; name = Base; path = Base.lproj/Interface.storyboard; sourceTree = "<group>"; };
		54AD92BF22BF1F1700045B93 /* Assets.xcassets */ = {isa = PBXFileReference; lastKnownFileType = folder.assetcatalog; path = Assets.xcassets; sourceTree = "<group>"; };
		54AD92C122BF1F1700045B93 /* Info.plist */ = {isa = PBXFileReference; lastKnownFileType = text.plist.xml; path = Info.plist; sourceTree = "<group>"; };
		54AD92C622BF1F1700045B93 /* Hirakana WatchKit Extension.appex */ = {isa = PBXFileReference; explicitFileType = "wrapper.app-extension"; includeInIndex = 0; path = "Hirakana WatchKit Extension.appex"; sourceTree = BUILT_PRODUCTS_DIR; };
		54AD92CD22BF1F1700045B93 /* MainController.swift */ = {isa = PBXFileReference; lastKnownFileType = sourcecode.swift; path = MainController.swift; sourceTree = "<group>"; };
		54AD92CF22BF1F1700045B93 /* ExtensionDelegate.swift */ = {isa = PBXFileReference; lastKnownFileType = sourcecode.swift; path = ExtensionDelegate.swift; sourceTree = "<group>"; };
		54AD92D522BF1F1700045B93 /* ComplicationController.swift */ = {isa = PBXFileReference; lastKnownFileType = sourcecode.swift; path = ComplicationController.swift; sourceTree = "<group>"; };
		54AD92D722BF1F1800045B93 /* Assets.xcassets */ = {isa = PBXFileReference; lastKnownFileType = folder.assetcatalog; path = Assets.xcassets; sourceTree = "<group>"; };
		54AD92DA22BF1F1800045B93 /* Preview Assets.xcassets */ = {isa = PBXFileReference; lastKnownFileType = folder.assetcatalog; path = "Preview Assets.xcassets"; sourceTree = "<group>"; };
		54AD92DC22BF1F1800045B93 /* Info.plist */ = {isa = PBXFileReference; lastKnownFileType = text.plist.xml; path = Info.plist; sourceTree = "<group>"; };
		54AD92DD22BF1F1800045B93 /* PushNotificationPayload.apns */ = {isa = PBXFileReference; lastKnownFileType = text; path = PushNotificationPayload.apns; sourceTree = "<group>"; };
		54B168E522C3217C000FECBE /* SettingsStore.swift */ = {isa = PBXFileReference; lastKnownFileType = sourcecode.swift; path = SettingsStore.swift; sourceTree = "<group>"; };
		54C3919722DC4C1A007D6126 /* HTTP.swift */ = {isa = PBXFileReference; fileEncoding = 4; lastKnownFileType = sourcecode.swift; path = HTTP.swift; sourceTree = "<group>"; };
		54E598EA22E0350B00191EA9 /* CharacterRoute.swift */ = {isa = PBXFileReference; lastKnownFileType = sourcecode.swift; path = CharacterRoute.swift; sourceTree = "<group>"; };
		54E598EC22E0351F00191EA9 /* Route.swift */ = {isa = PBXFileReference; lastKnownFileType = sourcecode.swift; path = Route.swift; sourceTree = "<group>"; };
		54E598F122E15DE800191EA9 /* URLs.swift */ = {isa = PBXFileReference; lastKnownFileType = sourcecode.swift; path = URLs.swift; sourceTree = "<group>"; };
		54E598F422E16CFC00191EA9 /* String+Extensions.swift */ = {isa = PBXFileReference; lastKnownFileType = sourcecode.swift; path = "String+Extensions.swift"; sourceTree = "<group>"; };
		54F9906922E4E955006388B1 /* Keys.swift */ = {isa = PBXFileReference; lastKnownFileType = sourcecode.swift; path = Keys.swift; sourceTree = "<group>"; };
		8810E16F22C32E6C00EA0DCB /* CharacterModel.swift */ = {isa = PBXFileReference; lastKnownFileType = sourcecode.swift; path = CharacterModel.swift; sourceTree = "<group>"; };
		8810E17322C3359C00EA0DCB /* CharacterViewSA.swift */ = {isa = PBXFileReference; lastKnownFileType = sourcecode.swift; path = CharacterViewSA.swift; sourceTree = "<group>"; };
		8810E17522C336B100EA0DCB /* CharacterSA.swift */ = {isa = PBXFileReference; lastKnownFileType = sourcecode.swift; path = CharacterSA.swift; sourceTree = "<group>"; };
		8810E17722C33ECE00EA0DCB /* MeaningViewSA.swift */ = {isa = PBXFileReference; lastKnownFileType = sourcecode.swift; path = MeaningViewSA.swift; sourceTree = "<group>"; };
		8810E17D22C3538200EA0DCB /* PhraseViewSA.swift */ = {isa = PBXFileReference; lastKnownFileType = sourcecode.swift; path = PhraseViewSA.swift; sourceTree = "<group>"; };
		8810E17F22C47F9C00EA0DCB /* CharacterMeaningViewSA.swift */ = {isa = PBXFileReference; lastKnownFileType = sourcecode.swift; path = CharacterMeaningViewSA.swift; sourceTree = "<group>"; };
		8810E18322C5A56100EA0DCB /* PhraseCharacterViewSA.swift */ = {isa = PBXFileReference; lastKnownFileType = sourcecode.swift; path = PhraseCharacterViewSA.swift; sourceTree = "<group>"; };
		8810E18522C8335600EA0DCB /* PhraseViewSB.swift */ = {isa = PBXFileReference; lastKnownFileType = sourcecode.swift; path = PhraseViewSB.swift; sourceTree = "<group>"; };
		8810E18722CB11BE00EA0DCB /* CharacterViewSB.swift */ = {isa = PBXFileReference; lastKnownFileType = sourcecode.swift; path = CharacterViewSB.swift; sourceTree = "<group>"; };
		8810E18922CB123F00EA0DCB /* CharacterSB.swift */ = {isa = PBXFileReference; lastKnownFileType = sourcecode.swift; path = CharacterSB.swift; sourceTree = "<group>"; };
/* End PBXFileReference section */

/* Begin PBXFrameworksBuildPhase section */
		54AD92C322BF1F1700045B93 /* Frameworks */ = {
			isa = PBXFrameworksBuildPhase;
			buildActionMask = 2147483647;
			files = (
			);
			runOnlyForDeploymentPostprocessing = 0;
		};
/* End PBXFrameworksBuildPhase section */

/* Begin PBXGroup section */
		541002E222C2A4F200D42247 /* Model */ = {
			isa = PBXGroup;
			children = (
				541002E022C1FE6D00D42247 /* LanguageModel.swift */,
			);
			path = Model;
			sourceTree = "<group>";
		};
		541002E322C2A8DD00D42247 /* User Defaults */ = {
			isa = PBXGroup;
			children = (
				541002E422C2A8FC00D42247 /* UserDefaults.swift */,
				54F9906922E4E955006388B1 /* Keys.swift */,
			);
			path = "User Defaults";
			sourceTree = "<group>";
		};
		5423494D22C4879E00023245 /* Character Frequency */ = {
			isa = PBXGroup;
			children = (
				549C42EB22CC32DD00131E1D /* Model */,
				5423494E22C4884600023245 /* CharacterFrequencyView.swift */,
			);
			path = "Character Frequency";
			sourceTree = "<group>";
		};
		54617F0E22C17335002A6499 /* Japanese */ = {
			isa = PBXGroup;
			children = (
				5483718B22C01774004B1000 /* Kanji Views */,
			);
			path = Japanese;
			sourceTree = "<group>";
		};
		54617F0F22C17405002A6499 /* Settings */ = {
			isa = PBXGroup;
			children = (
				5423494D22C4879E00023245 /* Character Frequency */,
				54617F1722C1DCF9002A6499 /* Language */,
				54617F1122C17521002A6499 /* SettingsController.swift */,
				54617F1322C1776E002A6499 /* SettingsView.swift */,
			);
			path = Settings;
			sourceTree = "<group>";
		};
		54617F1022C174BB002A6499 /* Main */ = {
			isa = PBXGroup;
			children = (
				5483719822C01A70004B1000 /* HirakanaView.swift */,
				54AD92CD22BF1F1700045B93 /* MainController.swift */,
			);
			path = Main;
			sourceTree = "<group>";
		};
		54617F1722C1DCF9002A6499 /* Language */ = {
			isa = PBXGroup;
			children = (
				541002E222C2A4F200D42247 /* Model */,
				54617F1822C1DDAD002A6499 /* LanguageView.swift */,
			);
			path = Language;
			sourceTree = "<group>";
		};
		5483718B22C01774004B1000 /* Kanji Views */ = {
			isa = PBXGroup;
			children = (
				5483719022C01832004B1000 /* Model */,
				5483718D22C017D0004B1000 /* Series A */,
				5483718C22C0179B004B1000 /* Series B */,
			);
			path = "Kanji Views";
			sourceTree = "<group>";
		};
		5483718C22C0179B004B1000 /* Series B */ = {
			isa = PBXGroup;
			children = (
				5483719A22C025FF004B1000 /* KanjiViewSB.swift */,
				5483719C22C02668004B1000 /* KanjiCharacterSB.swift */,
				5483719E22C02676004B1000 /* KanjiDescriptionSB.swift */,
			);
			path = "Series B";
			sourceTree = "<group>";
		};
		5483718D22C017D0004B1000 /* Series A */ = {
			isa = PBXGroup;
			children = (
				5483718E22C01812004B1000 /* KanjiViewSA.swift */,
				5483719322C01898004B1000 /* KanjiCharacterSA.swift */,
				5483719522C018EA004B1000 /* KanjiDescriptionSA.swift */,
			);
			path = "Series A";
			sourceTree = "<group>";
		};
		5483719022C01832004B1000 /* Model */ = {
			isa = PBXGroup;
			children = (
				5483719122C01853004B1000 /* KanjiModel.swift */,
			);
			path = Model;
			sourceTree = "<group>";
		};
		548371A122C04738004B1000 /* Shared Views */ = {
			isa = PBXGroup;
			children = (
				548371A322C04798004B1000 /* HKText.swift */,
			);
			path = "Shared Views";
			sourceTree = "<group>";
		};
		549C42E822CC2EE000131E1D /* Settings */ = {
			isa = PBXGroup;
			children = (
				54B168E522C3217C000FECBE /* SettingsStore.swift */,
				549C42E922CC2F3B00131E1D /* SettingsStoreActions.swift */,
			);
			path = Settings;
			sourceTree = "<group>";
		};
		549C42EB22CC32DD00131E1D /* Model */ = {
			isa = PBXGroup;
			children = (
				549C42EC22CC32F100131E1D /* CharFrequencyModel.swift */,
			);
			path = Model;
			sourceTree = "<group>";
		};
		54AD92AC22BF1F1600045B93 = {
			isa = PBXGroup;
			children = (
				54AD92BB22BF1F1600045B93 /* Hirakana WatchKit App */,
				54AD92CA22BF1F1700045B93 /* Hirakana WatchKit Extension */,
				54AD92B422BF1F1600045B93 /* Products */,
			);
			sourceTree = "<group>";
		};
		54AD92B422BF1F1600045B93 /* Products */ = {
			isa = PBXGroup;
			children = (
				54AD92B322BF1F1600045B93 /* Hirakana.app */,
				54AD92B722BF1F1600045B93 /* Hirakana WatchKit App.app */,
				54AD92C622BF1F1700045B93 /* Hirakana WatchKit Extension.appex */,
			);
			name = Products;
			sourceTree = "<group>";
		};
		54AD92BB22BF1F1600045B93 /* Hirakana WatchKit App */ = {
			isa = PBXGroup;
			children = (
				54AD92BC22BF1F1600045B93 /* Interface.storyboard */,
				54AD92BF22BF1F1700045B93 /* Assets.xcassets */,
				54AD92C122BF1F1700045B93 /* Info.plist */,
			);
			path = "Hirakana WatchKit App";
			sourceTree = "<group>";
		};
		54AD92CA22BF1F1700045B93 /* Hirakana WatchKit Extension */ = {
			isa = PBXGroup;
			children = (
				54AD92DD22BF1F1800045B93 /* PushNotificationPayload.apns */,
				54AD92DC22BF1F1800045B93 /* Info.plist */,
				54AD92D522BF1F1700045B93 /* ComplicationController.swift */,
				54AD92CF22BF1F1700045B93 /* ExtensionDelegate.swift */,
				54AD92D722BF1F1800045B93 /* Assets.xcassets */,
				54C3919922DC4C3B007D6126 /* API */,
				8810E16D22C32D7C00EA0DCB /* Chinese */,
				54F9906622E4DC2D006388B1 /* Data */,
				54617F0E22C17335002A6499 /* Japanese */,
				54617F1022C174BB002A6499 /* Main */,
				54AD92D922BF1F1800045B93 /* Preview Content */,
				54617F0F22C17405002A6499 /* Settings */,
				548371A122C04738004B1000 /* Shared Views */,
				54E598F322E16CE500191EA9 /* Util */,
			);
			path = "Hirakana WatchKit Extension";
			sourceTree = "<group>";
		};
		54AD92D922BF1F1800045B93 /* Preview Content */ = {
			isa = PBXGroup;
			children = (
				54AD92DA22BF1F1800045B93 /* Preview Assets.xcassets */,
			);
			path = "Preview Content";
			sourceTree = "<group>";
		};
		54C3919922DC4C3B007D6126 /* API */ = {
			isa = PBXGroup;
			children = (
				54E598EE22E041BE00191EA9 /* Networking */,
			);
			path = API;
			sourceTree = "<group>";
		};
		54E598E922E033D700191EA9 /* Routes */ = {
			isa = PBXGroup;
			children = (
				54E598EC22E0351F00191EA9 /* Route.swift */,
				54E598EA22E0350B00191EA9 /* CharacterRoute.swift */,
			);
			path = Routes;
			sourceTree = "<group>";
		};
		54E598EE22E041BE00191EA9 /* Networking */ = {
			isa = PBXGroup;
			children = (
				54C3919722DC4C1A007D6126 /* HTTP.swift */,
				54E598F022E15DD500191EA9 /* URLs */,
				54E598E922E033D700191EA9 /* Routes */,
			);
			path = Networking;
			sourceTree = "<group>";
		};
		54E598F022E15DD500191EA9 /* URLs */ = {
			isa = PBXGroup;
			children = (
				54E598F122E15DE800191EA9 /* URLs.swift */,
			);
			path = URLs;
			sourceTree = "<group>";
		};
		54E598F322E16CE500191EA9 /* Util */ = {
			isa = PBXGroup;
			children = (
				54E598F422E16CFC00191EA9 /* String+Extensions.swift */,
			);
			path = Util;
			sourceTree = "<group>";
		};
		54F9906622E4DC2D006388B1 /* Data */ = {
			isa = PBXGroup;
			children = (
				541002E322C2A8DD00D42247 /* User Defaults */,
				549C42E822CC2EE000131E1D /* Settings */,
				547BDBF02312317F0099D9E6 /* MainStore.swift */,
			);
			path = Data;
			sourceTree = "<group>";
		};
		8810E16D22C32D7C00EA0DCB /* Chinese */ = {
			isa = PBXGroup;
			children = (
				8810E16E22C32D9900EA0DCB /* Model */,
				8810E17122C3306500EA0DCB /* Series A */,
				8810E17222C3309D00EA0DCB /* Series B */,
			);
			path = Chinese;
			sourceTree = "<group>";
		};
		8810E16E22C32D9900EA0DCB /* Model */ = {
			isa = PBXGroup;
			children = (
				8810E16F22C32E6C00EA0DCB /* CharacterModel.swift */,
			);
			path = Model;
			sourceTree = "<group>";
		};
		8810E17122C3306500EA0DCB /* Series A */ = {
			isa = PBXGroup;
			children = (
				8810E17322C3359C00EA0DCB /* CharacterViewSA.swift */,
				8810E17F22C47F9C00EA0DCB /* CharacterMeaningViewSA.swift */,
				8810E17522C336B100EA0DCB /* CharacterSA.swift */,
				8810E18322C5A56100EA0DCB /* PhraseCharacterViewSA.swift */,
				8810E17722C33ECE00EA0DCB /* MeaningViewSA.swift */,
				8810E17D22C3538200EA0DCB /* PhraseViewSA.swift */,
			);
			path = "Series A";
			sourceTree = "<group>";
		};
		8810E17222C3309D00EA0DCB /* Series B */ = {
			isa = PBXGroup;
			children = (
				8810E18522C8335600EA0DCB /* PhraseViewSB.swift */,
				8810E18722CB11BE00EA0DCB /* CharacterViewSB.swift */,
				8810E18922CB123F00EA0DCB /* CharacterSB.swift */,
			);
			path = "Series B";
			sourceTree = "<group>";
		};
/* End PBXGroup section */

/* Begin PBXNativeTarget section */
		54AD92B222BF1F1600045B93 /* Hirakana */ = {
			isa = PBXNativeTarget;
			buildConfigurationList = 54AD92E822BF1F1800045B93 /* Build configuration list for PBXNativeTarget "Hirakana" */;
			buildPhases = (
				54AD92B122BF1F1600045B93 /* Resources */,
				54AD92E722BF1F1800045B93 /* Embed Watch Content */,
			);
			buildRules = (
			);
			dependencies = (
				54AD92BA22BF1F1600045B93 /* PBXTargetDependency */,
			);
			name = Hirakana;
			productName = Hirakana;
			productReference = 54AD92B322BF1F1600045B93 /* Hirakana.app */;
			productType = "com.apple.product-type.application.watchapp2-container";
		};
		54AD92B622BF1F1600045B93 /* Hirakana WatchKit App */ = {
			isa = PBXNativeTarget;
			buildConfigurationList = 54AD92E422BF1F1800045B93 /* Build configuration list for PBXNativeTarget "Hirakana WatchKit App" */;
			buildPhases = (
				54AD92B522BF1F1600045B93 /* Resources */,
				54AD92E322BF1F1800045B93 /* Embed App Extensions */,
			);
			buildRules = (
			);
			dependencies = (
				54AD92C922BF1F1700045B93 /* PBXTargetDependency */,
			);
			name = "Hirakana WatchKit App";
			productName = "Hirakana WatchKit App";
			productReference = 54AD92B722BF1F1600045B93 /* Hirakana WatchKit App.app */;
			productType = "com.apple.product-type.application.watchapp2";
		};
		54AD92C522BF1F1700045B93 /* Hirakana WatchKit Extension */ = {
			isa = PBXNativeTarget;
			buildConfigurationList = 54AD92E022BF1F1800045B93 /* Build configuration list for PBXNativeTarget "Hirakana WatchKit Extension" */;
			buildPhases = (
				54AD92C222BF1F1700045B93 /* Sources */,
				54AD92C322BF1F1700045B93 /* Frameworks */,
				54AD92C422BF1F1700045B93 /* Resources */,
			);
			buildRules = (
			);
			dependencies = (
			);
			name = "Hirakana WatchKit Extension";
			productName = "Hirakana WatchKit Extension";
			productReference = 54AD92C622BF1F1700045B93 /* Hirakana WatchKit Extension.appex */;
			productType = "com.apple.product-type.watchkit2-extension";
		};
/* End PBXNativeTarget section */

/* Begin PBXProject section */
		54AD92AD22BF1F1600045B93 /* Project object */ = {
			isa = PBXProject;
			attributes = {
				LastSwiftUpdateCheck = 1100;
				LastUpgradeCheck = 1100;
				ORGANIZATIONNAME = "Andrei Villasana";
				TargetAttributes = {
					54AD92B222BF1F1600045B93 = {
						CreatedOnToolsVersion = 11.0;
					};
					54AD92B622BF1F1600045B93 = {
						CreatedOnToolsVersion = 11.0;
					};
					54AD92C522BF1F1700045B93 = {
						CreatedOnToolsVersion = 11.0;
					};
				};
			};
			buildConfigurationList = 54AD92B022BF1F1600045B93 /* Build configuration list for PBXProject "Hirakana" */;
			compatibilityVersion = "Xcode 9.3";
			developmentRegion = en;
			hasScannedForEncodings = 0;
			knownRegions = (
				en,
				Base,
			);
			mainGroup = 54AD92AC22BF1F1600045B93;
			productRefGroup = 54AD92B422BF1F1600045B93 /* Products */;
			projectDirPath = "";
			projectRoot = "";
			targets = (
				54AD92B222BF1F1600045B93 /* Hirakana */,
				54AD92B622BF1F1600045B93 /* Hirakana WatchKit App */,
				54AD92C522BF1F1700045B93 /* Hirakana WatchKit Extension */,
			);
		};
/* End PBXProject section */

/* Begin PBXResourcesBuildPhase section */
		54AD92B122BF1F1600045B93 /* Resources */ = {
			isa = PBXResourcesBuildPhase;
			buildActionMask = 2147483647;
			files = (
			);
			runOnlyForDeploymentPostprocessing = 0;
		};
		54AD92B522BF1F1600045B93 /* Resources */ = {
			isa = PBXResourcesBuildPhase;
			buildActionMask = 2147483647;
			files = (
				54AD92C022BF1F1700045B93 /* Assets.xcassets in Resources */,
				54AD92BE22BF1F1600045B93 /* Interface.storyboard in Resources */,
			);
			runOnlyForDeploymentPostprocessing = 0;
		};
		54AD92C422BF1F1700045B93 /* Resources */ = {
			isa = PBXResourcesBuildPhase;
			buildActionMask = 2147483647;
			files = (
				54AD92DB22BF1F1800045B93 /* Preview Assets.xcassets in Resources */,
				54AD92D822BF1F1800045B93 /* Assets.xcassets in Resources */,
			);
			runOnlyForDeploymentPostprocessing = 0;
		};
/* End PBXResourcesBuildPhase section */

/* Begin PBXSourcesBuildPhase section */
		54AD92C222BF1F1700045B93 /* Sources */ = {
			isa = PBXSourcesBuildPhase;
			buildActionMask = 2147483647;
			files = (
				54E598ED22E0351F00191EA9 /* Route.swift in Sources */,
				8810E17422C3359C00EA0DCB /* CharacterViewSA.swift in Sources */,
				8810E18022C47F9C00EA0DCB /* CharacterMeaningViewSA.swift in Sources */,
				5483719622C018EA004B1000 /* KanjiDescriptionSA.swift in Sources */,
				8810E18622C8335600EA0DCB /* PhraseViewSB.swift in Sources */,
				54F9906A22E4E955006388B1 /* Keys.swift in Sources */,
				5423494F22C4884600023245 /* CharacterFrequencyView.swift in Sources */,
				54617F1222C17521002A6499 /* SettingsController.swift in Sources */,
				54AD92CE22BF1F1700045B93 /* MainController.swift in Sources */,
				8810E17822C33ECE00EA0DCB /* MeaningViewSA.swift in Sources */,
				54617F1922C1DDAD002A6499 /* LanguageView.swift in Sources */,
				5483719422C01898004B1000 /* KanjiCharacterSA.swift in Sources */,
				5483719F22C02676004B1000 /* KanjiDescriptionSB.swift in Sources */,
				54E598F522E16CFC00191EA9 /* String+Extensions.swift in Sources */,
				8810E17022C32E6C00EA0DCB /* CharacterModel.swift in Sources */,
				5483719222C01853004B1000 /* KanjiModel.swift in Sources */,
				5483719922C01A70004B1000 /* HirakanaView.swift in Sources */,
				541002E522C2A8FC00D42247 /* UserDefaults.swift in Sources */,
				54C3919822DC4C1A007D6126 /* HTTP.swift in Sources */,
				54617F1422C1776E002A6499 /* SettingsView.swift in Sources */,
				8810E18422C5A56100EA0DCB /* PhraseCharacterViewSA.swift in Sources */,
				54E598F222E15DE800191EA9 /* URLs.swift in Sources */,
				8810E18822CB11BE00EA0DCB /* CharacterViewSB.swift in Sources */,
				547BDBF12312317F0099D9E6 /* MainStore.swift in Sources */,
				54B168E622C3217C000FECBE /* SettingsStore.swift in Sources */,
				549C42ED22CC32F100131E1D /* CharFrequencyModel.swift in Sources */,
				54AD92D022BF1F1700045B93 /* ExtensionDelegate.swift in Sources */,
				5483719D22C02668004B1000 /* KanjiCharacterSB.swift in Sources */,
				8810E18A22CB123F00EA0DCB /* CharacterSB.swift in Sources */,
				541002E122C1FE6D00D42247 /* LanguageModel.swift in Sources */,
				54AD92D622BF1F1700045B93 /* ComplicationController.swift in Sources */,
				8810E17622C336B100EA0DCB /* CharacterSA.swift in Sources */,
				5483718F22C01812004B1000 /* KanjiViewSA.swift in Sources */,
				5483719B22C025FF004B1000 /* KanjiViewSB.swift in Sources */,
				8810E17E22C3538200EA0DCB /* PhraseViewSA.swift in Sources */,
				548371A422C04798004B1000 /* HKText.swift in Sources */,
				549C42EA22CC2F3B00131E1D /* SettingsStoreActions.swift in Sources */,
				54E598EB22E0350B00191EA9 /* CharacterRoute.swift in Sources */,
			);
			runOnlyForDeploymentPostprocessing = 0;
		};
/* End PBXSourcesBuildPhase section */

/* Begin PBXTargetDependency section */
		54AD92BA22BF1F1600045B93 /* PBXTargetDependency */ = {
			isa = PBXTargetDependency;
			target = 54AD92B622BF1F1600045B93 /* Hirakana WatchKit App */;
			targetProxy = 54AD92B922BF1F1600045B93 /* PBXContainerItemProxy */;
		};
		54AD92C922BF1F1700045B93 /* PBXTargetDependency */ = {
			isa = PBXTargetDependency;
			target = 54AD92C522BF1F1700045B93 /* Hirakana WatchKit Extension */;
			targetProxy = 54AD92C822BF1F1700045B93 /* PBXContainerItemProxy */;
		};
/* End PBXTargetDependency section */

/* Begin PBXVariantGroup section */
		54AD92BC22BF1F1600045B93 /* Interface.storyboard */ = {
			isa = PBXVariantGroup;
			children = (
				54AD92BD22BF1F1600045B93 /* Base */,
			);
			name = Interface.storyboard;
			sourceTree = "<group>";
		};
/* End PBXVariantGroup section */

/* Begin XCBuildConfiguration section */
		54AD92DE22BF1F1800045B93 /* Debug */ = {
			isa = XCBuildConfiguration;
			buildSettings = {
				ALWAYS_SEARCH_USER_PATHS = NO;
				CLANG_ANALYZER_NONNULL = YES;
				CLANG_ANALYZER_NUMBER_OBJECT_CONVERSION = YES_AGGRESSIVE;
				CLANG_CXX_LANGUAGE_STANDARD = "gnu++14";
				CLANG_CXX_LIBRARY = "libc++";
				CLANG_ENABLE_MODULES = YES;
				CLANG_ENABLE_OBJC_ARC = YES;
				CLANG_ENABLE_OBJC_WEAK = YES;
				CLANG_WARN_BLOCK_CAPTURE_AUTORELEASING = YES;
				CLANG_WARN_BOOL_CONVERSION = YES;
				CLANG_WARN_COMMA = YES;
				CLANG_WARN_CONSTANT_CONVERSION = YES;
				CLANG_WARN_DEPRECATED_OBJC_IMPLEMENTATIONS = YES;
				CLANG_WARN_DIRECT_OBJC_ISA_USAGE = YES_ERROR;
				CLANG_WARN_DOCUMENTATION_COMMENTS = YES;
				CLANG_WARN_EMPTY_BODY = YES;
				CLANG_WARN_ENUM_CONVERSION = YES;
				CLANG_WARN_INFINITE_RECURSION = YES;
				CLANG_WARN_INT_CONVERSION = YES;
				CLANG_WARN_NON_LITERAL_NULL_CONVERSION = YES;
				CLANG_WARN_OBJC_IMPLICIT_RETAIN_SELF = YES;
				CLANG_WARN_OBJC_LITERAL_CONVERSION = YES;
				CLANG_WARN_OBJC_ROOT_CLASS = YES_ERROR;
				CLANG_WARN_RANGE_LOOP_ANALYSIS = YES;
				CLANG_WARN_STRICT_PROTOTYPES = YES;
				CLANG_WARN_SUSPICIOUS_MOVE = YES;
				CLANG_WARN_UNGUARDED_AVAILABILITY = YES_AGGRESSIVE;
				CLANG_WARN_UNREACHABLE_CODE = YES;
				CLANG_WARN__DUPLICATE_METHOD_MATCH = YES;
				COPY_PHASE_STRIP = NO;
				DEBUG_INFORMATION_FORMAT = dwarf;
				ENABLE_STRICT_OBJC_MSGSEND = YES;
				ENABLE_TESTABILITY = YES;
				GCC_C_LANGUAGE_STANDARD = gnu11;
				GCC_DYNAMIC_NO_PIC = NO;
				GCC_NO_COMMON_BLOCKS = YES;
				GCC_OPTIMIZATION_LEVEL = 0;
				GCC_PREPROCESSOR_DEFINITIONS = (
					"DEBUG=1",
					"$(inherited)",
				);
				GCC_WARN_64_TO_32_BIT_CONVERSION = YES;
				GCC_WARN_ABOUT_RETURN_TYPE = YES_ERROR;
				GCC_WARN_UNDECLARED_SELECTOR = YES;
				GCC_WARN_UNINITIALIZED_AUTOS = YES_AGGRESSIVE;
				GCC_WARN_UNUSED_FUNCTION = YES;
				GCC_WARN_UNUSED_VARIABLE = YES;
				MTL_ENABLE_DEBUG_INFO = INCLUDE_SOURCE;
				MTL_FAST_MATH = YES;
				ONLY_ACTIVE_ARCH = YES;
				SDKROOT = iphoneos;
				SWIFT_ACTIVE_COMPILATION_CONDITIONS = DEBUG;
				SWIFT_OPTIMIZATION_LEVEL = "-Onone";
			};
			name = Debug;
		};
		54AD92DF22BF1F1800045B93 /* Release */ = {
			isa = XCBuildConfiguration;
			buildSettings = {
				ALWAYS_SEARCH_USER_PATHS = NO;
				CLANG_ANALYZER_NONNULL = YES;
				CLANG_ANALYZER_NUMBER_OBJECT_CONVERSION = YES_AGGRESSIVE;
				CLANG_CXX_LANGUAGE_STANDARD = "gnu++14";
				CLANG_CXX_LIBRARY = "libc++";
				CLANG_ENABLE_MODULES = YES;
				CLANG_ENABLE_OBJC_ARC = YES;
				CLANG_ENABLE_OBJC_WEAK = YES;
				CLANG_WARN_BLOCK_CAPTURE_AUTORELEASING = YES;
				CLANG_WARN_BOOL_CONVERSION = YES;
				CLANG_WARN_COMMA = YES;
				CLANG_WARN_CONSTANT_CONVERSION = YES;
				CLANG_WARN_DEPRECATED_OBJC_IMPLEMENTATIONS = YES;
				CLANG_WARN_DIRECT_OBJC_ISA_USAGE = YES_ERROR;
				CLANG_WARN_DOCUMENTATION_COMMENTS = YES;
				CLANG_WARN_EMPTY_BODY = YES;
				CLANG_WARN_ENUM_CONVERSION = YES;
				CLANG_WARN_INFINITE_RECURSION = YES;
				CLANG_WARN_INT_CONVERSION = YES;
				CLANG_WARN_NON_LITERAL_NULL_CONVERSION = YES;
				CLANG_WARN_OBJC_IMPLICIT_RETAIN_SELF = YES;
				CLANG_WARN_OBJC_LITERAL_CONVERSION = YES;
				CLANG_WARN_OBJC_ROOT_CLASS = YES_ERROR;
				CLANG_WARN_RANGE_LOOP_ANALYSIS = YES;
				CLANG_WARN_STRICT_PROTOTYPES = YES;
				CLANG_WARN_SUSPICIOUS_MOVE = YES;
				CLANG_WARN_UNGUARDED_AVAILABILITY = YES_AGGRESSIVE;
				CLANG_WARN_UNREACHABLE_CODE = YES;
				CLANG_WARN__DUPLICATE_METHOD_MATCH = YES;
				COPY_PHASE_STRIP = NO;
				DEBUG_INFORMATION_FORMAT = "dwarf-with-dsym";
				ENABLE_NS_ASSERTIONS = NO;
				ENABLE_STRICT_OBJC_MSGSEND = YES;
				GCC_C_LANGUAGE_STANDARD = gnu11;
				GCC_NO_COMMON_BLOCKS = YES;
				GCC_WARN_64_TO_32_BIT_CONVERSION = YES;
				GCC_WARN_ABOUT_RETURN_TYPE = YES_ERROR;
				GCC_WARN_UNDECLARED_SELECTOR = YES;
				GCC_WARN_UNINITIALIZED_AUTOS = YES_AGGRESSIVE;
				GCC_WARN_UNUSED_FUNCTION = YES;
				GCC_WARN_UNUSED_VARIABLE = YES;
				MTL_ENABLE_DEBUG_INFO = NO;
				MTL_FAST_MATH = YES;
				SDKROOT = iphoneos;
				SWIFT_COMPILATION_MODE = wholemodule;
				SWIFT_OPTIMIZATION_LEVEL = "-O";
				VALIDATE_PRODUCT = YES;
			};
			name = Release;
		};
		54AD92E122BF1F1800045B93 /* Debug */ = {
			isa = XCBuildConfiguration;
			buildSettings = {
				ASSETCATALOG_COMPILER_COMPLICATION_NAME = Complication;
				CODE_SIGN_IDENTITY = "Apple Development";
				CODE_SIGN_STYLE = Automatic;
				DEVELOPMENT_ASSET_PATHS = "\"Hirakana WatchKit Extension\"/Preview\\ Content";
				DEVELOPMENT_TEAM = BJE27J35HP;
				ENABLE_PREVIEWS = YES;
				INFOPLIST_FILE = "Hirakana WatchKit Extension/Info.plist";
				LD_RUNPATH_SEARCH_PATHS = (
					"$(inherited)",
					"@executable_path/Frameworks",
					"@executable_path/../../Frameworks",
				);
				PRODUCT_BUNDLE_IDENTIFIER = com.colourhood.Hirakana.watchkitapp.watchkitextension;
				PRODUCT_NAME = "${TARGET_NAME}";
				PROVISIONING_PROFILE_SPECIFIER = "";
				SDKROOT = watchos;
				SKIP_INSTALL = YES;
				SWIFT_VERSION = 5.0;
				TARGETED_DEVICE_FAMILY = 4;
				WATCHOS_DEPLOYMENT_TARGET = 6.0;
			};
			name = Debug;
		};
		54AD92E222BF1F1800045B93 /* Release */ = {
			isa = XCBuildConfiguration;
			buildSettings = {
				ASSETCATALOG_COMPILER_COMPLICATION_NAME = Complication;
				CODE_SIGN_IDENTITY = "Apple Development";
				CODE_SIGN_STYLE = Automatic;
				DEVELOPMENT_ASSET_PATHS = "\"Hirakana WatchKit Extension\"/Preview\\ Content";
				DEVELOPMENT_TEAM = BJE27J35HP;
				ENABLE_PREVIEWS = YES;
				INFOPLIST_FILE = "Hirakana WatchKit Extension/Info.plist";
				LD_RUNPATH_SEARCH_PATHS = (
					"$(inherited)",
					"@executable_path/Frameworks",
					"@executable_path/../../Frameworks",
				);
				PRODUCT_BUNDLE_IDENTIFIER = com.colourhood.Hirakana.watchkitapp.watchkitextension;
				PRODUCT_NAME = "${TARGET_NAME}";
				PROVISIONING_PROFILE_SPECIFIER = "";
				SDKROOT = watchos;
				SKIP_INSTALL = YES;
				SWIFT_VERSION = 5.0;
				TARGETED_DEVICE_FAMILY = 4;
				WATCHOS_DEPLOYMENT_TARGET = 6.0;
			};
			name = Release;
		};
		54AD92E522BF1F1800045B93 /* Debug */ = {
			isa = XCBuildConfiguration;
			buildSettings = {
				ALWAYS_EMBED_SWIFT_STANDARD_LIBRARIES = YES;
				ASSETCATALOG_COMPILER_APPICON_NAME = AppIcon;
				CODE_SIGN_IDENTITY = "Apple Development";
				CODE_SIGN_STYLE = Automatic;
				DEVELOPMENT_TEAM = "";
				IBSC_MODULE = Hirakana_WatchKit_Extension;
				INFOPLIST_FILE = "Hirakana WatchKit App/Info.plist";
				PRODUCT_BUNDLE_IDENTIFIER = com.colourhood.Hirakana.watchkitapp;
				PRODUCT_NAME = "$(TARGET_NAME)";
				PROVISIONING_PROFILE_SPECIFIER = "";
				SDKROOT = watchos;
				SKIP_INSTALL = YES;
				SWIFT_VERSION = 5.0;
				TARGETED_DEVICE_FAMILY = 4;
				WATCHOS_DEPLOYMENT_TARGET = 6.0;
			};
			name = Debug;
		};
		54AD92E622BF1F1800045B93 /* Release */ = {
			isa = XCBuildConfiguration;
			buildSettings = {
				ALWAYS_EMBED_SWIFT_STANDARD_LIBRARIES = YES;
				ASSETCATALOG_COMPILER_APPICON_NAME = AppIcon;
				CODE_SIGN_IDENTITY = "Apple Development";
				CODE_SIGN_STYLE = Automatic;
				DEVELOPMENT_TEAM = "";
				IBSC_MODULE = Hirakana_WatchKit_Extension;
				INFOPLIST_FILE = "Hirakana WatchKit App/Info.plist";
				PRODUCT_BUNDLE_IDENTIFIER = com.colourhood.Hirakana.watchkitapp;
				PRODUCT_NAME = "$(TARGET_NAME)";
				PROVISIONING_PROFILE_SPECIFIER = "";
				SDKROOT = watchos;
				SKIP_INSTALL = YES;
				SWIFT_VERSION = 5.0;
				TARGETED_DEVICE_FAMILY = 4;
				WATCHOS_DEPLOYMENT_TARGET = 6.0;
			};
			name = Release;
		};
		54AD92E922BF1F1800045B93 /* Debug */ = {
			isa = XCBuildConfiguration;
			buildSettings = {
				CODE_SIGN_IDENTITY = "Apple Development";
				CODE_SIGN_STYLE = Automatic;
				CURRENT_PROJECT_VERSION = 1;
				DEVELOPMENT_TEAM = BJE27J35HP;
				MARKETING_VERSION = 1.0;
				PRODUCT_BUNDLE_IDENTIFIER = com.colourhood.Hirakana;
				PRODUCT_NAME = "$(TARGET_NAME)";
				PROVISIONING_PROFILE_SPECIFIER = "";
				SWIFT_VERSION = 5.0;
			};
			name = Debug;
		};
		54AD92EA22BF1F1800045B93 /* Release */ = {
			isa = XCBuildConfiguration;
			buildSettings = {
				CODE_SIGN_IDENTITY = "Apple Development";
				CODE_SIGN_STYLE = Automatic;
				CURRENT_PROJECT_VERSION = 1;
				DEVELOPMENT_TEAM = BJE27J35HP;
				MARKETING_VERSION = 1.0;
				PRODUCT_BUNDLE_IDENTIFIER = com.colourhood.Hirakana;
				PRODUCT_NAME = "$(TARGET_NAME)";
				PROVISIONING_PROFILE_SPECIFIER = "";
				SWIFT_VERSION = 5.0;
			};
			name = Release;
		};
/* End XCBuildConfiguration section */

/* Begin XCConfigurationList section */
		54AD92B022BF1F1600045B93 /* Build configuration list for PBXProject "Hirakana" */ = {
			isa = XCConfigurationList;
			buildConfigurations = (
				54AD92DE22BF1F1800045B93 /* Debug */,
				54AD92DF22BF1F1800045B93 /* Release */,
			);
			defaultConfigurationIsVisible = 0;
			defaultConfigurationName = Release;
		};
		54AD92E022BF1F1800045B93 /* Build configuration list for PBXNativeTarget "Hirakana WatchKit Extension" */ = {
			isa = XCConfigurationList;
			buildConfigurations = (
				54AD92E122BF1F1800045B93 /* Debug */,
				54AD92E222BF1F1800045B93 /* Release */,
			);
			defaultConfigurationIsVisible = 0;
			defaultConfigurationName = Release;
		};
		54AD92E422BF1F1800045B93 /* Build configuration list for PBXNativeTarget "Hirakana WatchKit App" */ = {
			isa = XCConfigurationList;
			buildConfigurations = (
				54AD92E522BF1F1800045B93 /* Debug */,
				54AD92E622BF1F1800045B93 /* Release */,
			);
			defaultConfigurationIsVisible = 0;
			defaultConfigurationName = Release;
		};
		54AD92E822BF1F1800045B93 /* Build configuration list for PBXNativeTarget "Hirakana" */ = {
			isa = XCConfigurationList;
			buildConfigurations = (
				54AD92E922BF1F1800045B93 /* Debug */,
				54AD92EA22BF1F1800045B93 /* Release */,
			);
			defaultConfigurationIsVisible = 0;
			defaultConfigurationName = Release;
		};
/* End XCConfigurationList section */
	};
	rootObject = 54AD92AD22BF1F1600045B93 /* Project object */;
}
